
Microsoft Visual Studio Solution File, Format Version 12.00
# Visual Studio 15
VisualStudioVersion = 15.0.27004.2009
MinimumVisualStudioVersion = 10.0.40219.1
Project("{159641D6-6404-4A2A-AE62-294DE0FE8301}") = "Annotation2Sharepoint", "Annotation2Sharepoint\Annotation2Sharepoint.dtproj", "{2F20860F-10C9-4BC7-9F32-1CA110801FA1}"
EndProject
Global
	GlobalSection(SolutionConfigurationPlatforms) = preSolution
		Development|Default = Development|Default
	EndGlobalSection
	GlobalSection(ProjectConfigurationPlatforms) = postSolution
		{2F20860F-10C9-4BC7-9F32-1CA110801FA1}.Development|Default.ActiveCfg = Development
		{2F20860F-10C9-4BC7-9F32-1CA110801FA1}.Development|Default.Build.0 = Development
	EndGlobalSection
	GlobalSection(SolutionProperties) = preSolution
		HideSolutionNode = FALSE
	EndGlobalSection
	GlobalSection(ExtensibilityGlobals) = postSolution
		SolutionGuid = {3D71D731-D383-4CE4-8F4B-98D36202859F}
	EndGlobalSection
EndGlobal
